// !$*UTF8*$!
{
	archiveVersion = 1;
	classes = {
	};
	objectVersion = 77;
	objects = {

/* Begin PBXBuildFile section */
		0D2EB93C2D9A20A300883A78 /* ADTrain1.json in Resources */ = {isa = PBXBuildFile; fileRef = 0D2EB9252D9A20A300883A78 /* ADTrain1.json */; };
		0D2EB93D2D9A20A300883A78 /* AdCategoryTableViewCell.xib in Resources */ = {isa = PBXBuildFile; fileRef = 0D2EB9282D9A20A300883A78 /* AdCategoryTableViewCell.xib */; };
		0D2EB93E2D9A20A300883A78 /* AdCollectionViewCell.xib in Resources */ = {isa = PBXBuildFile; fileRef = 0D2EB92A2D9A20A300883A78 /* AdCollectionViewCell.xib */; };
		0D2EB93F2D9A20A300883A78 /* Assets.xcassets in Resources */ = {isa = PBXBuildFile; fileRef = 0D2EB9332D9A20A300883A78 /* Assets.xcassets */; };
		0D2EB9412D9A20A300883A78 /* LaunchScreen.storyboard in Resources */ = {isa = PBXBuildFile; fileRef = 0D2EB9362D9A20A300883A78 /* LaunchScreen.storyboard */; };
		0D2EB9422D9A20A300883A78 /* Main.storyboard in Resources */ = {isa = PBXBuildFile; fileRef = 0D2EB9382D9A20A300883A78 /* Main.storyboard */; };
		0D2EB9432D9A20A300883A78 /* Message.swift in Sources */ = {isa = PBXBuildFile; fileRef = 0D2EB8FE2D9A20A300883A78 /* Message.swift */; };
		0D2EB9442D9A20A300883A78 /* ChatRoomViewController.swift in Sources */ = {isa = PBXBuildFile; fileRef = 0D2EB9002D9A20A300883A78 /* ChatRoomViewController.swift */; };
		0D2EB9452D9A20A300883A78 /* ReceivedMessageTableViewCell.swift in Sources */ = {isa = PBXBuildFile; fileRef = 0D2EB9012D9A20A300883A78 /* ReceivedMessageTableViewCell.swift */; };
		0D2EB9462D9A20A300883A78 /* ReceivedStickerTableViewCell.swift in Sources */ = {isa = PBXBuildFile; fileRef = 0D2EB9022D9A20A300883A78 /* ReceivedStickerTableViewCell.swift */; };
		0D2EB9472D9A20A300883A78 /* SentMessageTableViewCell.swift in Sources */ = {isa = PBXBuildFile; fileRef = 0D2EB9032D9A20A300883A78 /* SentMessageTableViewCell.swift */; };
		0D2EB9482D9A20A300883A78 /* SentStickerTableViewCell.swift in Sources */ = {isa = PBXBuildFile; fileRef = 0D2EB9042D9A20A300883A78 /* SentStickerTableViewCell.swift */; };
		0D2EB9492D9A20A300883A78 /* StickerCollectionViewCell.swift in Sources */ = {isa = PBXBuildFile; fileRef = 0D2EB9052D9A20A300883A78 /* StickerCollectionViewCell.swift */; };
		0D2EB94A2D9A20A300883A78 /* ChatRoomViewModel.swift in Sources */ = {isa = PBXBuildFile; fileRef = 0D2EB9072D9A20A300883A78 /* ChatRoomViewModel.swift */; };
		0D2EB94B2D9A20A300883A78 /* User.swift in Sources */ = {isa = PBXBuildFile; fileRef = 0D2EB90A2D9A20A300883A78 /* User.swift */; };
		0D2EB94C2D9A20A300883A78 /* LoginViewController.swift in Sources */ = {isa = PBXBuildFile; fileRef = 0D2EB90C2D9A20A300883A78 /* LoginViewController.swift */; };
		0D2EB94D2D9A20A300883A78 /* LoginViewModel.swift in Sources */ = {isa = PBXBuildFile; fileRef = 0D2EB90E2D9A20A300883A78 /* LoginViewModel.swift */; };
		0D2EB94E2D9A20A300883A78 /* TravelersInfo.swift in Sources */ = {isa = PBXBuildFile; fileRef = 0D2EB9112D9A20A300883A78 /* TravelersInfo.swift */; };
		0D2EB94F2D9A20A300883A78 /* ProductBottomSheetViewController.swift in Sources */ = {isa = PBXBuildFile; fileRef = 0D2EB9132D9A20A300883A78 /* ProductBottomSheetViewController.swift */; };
		0D2EB9502D9A20A300883A78 /* ProductViewController.swift in Sources */ = {isa = PBXBuildFile; fileRef = 0D2EB9142D9A20A300883A78 /* ProductViewController.swift */; };
		0D2EB9512D9A20A300883A78 /* selectionTableViewCell.swift in Sources */ = {isa = PBXBuildFile; fileRef = 0D2EB9152D9A20A300883A78 /* selectionTableViewCell.swift */; };
		0D2EB9522D9A20A300883A78 /* ProductBottomSheetViewModel.swift in Sources */ = {isa = PBXBuildFile; fileRef = 0D2EB9172D9A20A300883A78 /* ProductBottomSheetViewModel.swift */; };
		0D2EB9532D9A20A300883A78 /* ProductViewModel.swift in Sources */ = {isa = PBXBuildFile; fileRef = 0D2EB9182D9A20A300883A78 /* ProductViewModel.swift */; };
		0D2EB9542D9A20A300883A78 /* SelectionTableViewCellViewModel.swift in Sources */ = {isa = PBXBuildFile; fileRef = 0D2EB9192D9A20A300883A78 /* SelectionTableViewCellViewModel.swift */; };
		0D2EB9552D9A20A300883A78 /* BottomSheetTableViewCell.swift in Sources */ = {isa = PBXBuildFile; fileRef = 0D2EB91C2D9A20A300883A78 /* BottomSheetTableViewCell.swift */; };
		0D2EB9562D9A20A300883A78 /* BottomSheetViewController.swift in Sources */ = {isa = PBXBuildFile; fileRef = 0D2EB91D2D9A20A300883A78 /* BottomSheetViewController.swift */; };
		0D2EB9572D9A20A300883A78 /* RegisterViewController.swift in Sources */ = {isa = PBXBuildFile; fileRef = 0D2EB91E2D9A20A300883A78 /* RegisterViewController.swift */; };
		0D2EB9582D9A20A300883A78 /* BottomSheetViewModel.swift in Sources */ = {isa = PBXBuildFile; fileRef = 0D2EB9202D9A20A300883A78 /* BottomSheetViewModel.swift */; };
		0D2EB9592D9A20A300883A78 /* RegisterViewModel.swift in Sources */ = {isa = PBXBuildFile; fileRef = 0D2EB9212D9A20A300883A78 /* RegisterViewModel.swift */; };
		0D2EB95A2D9A20A300883A78 /* AdData.swift in Sources */ = {isa = PBXBuildFile; fileRef = 0D2EB9242D9A20A300883A78 /* AdData.swift */; };
		0D2EB95B2D9A20A300883A78 /* AdCategoryTableViewCell.swift in Sources */ = {isa = PBXBuildFile; fileRef = 0D2EB9272D9A20A300883A78 /* AdCategoryTableViewCell.swift */; };
		0D2EB95C2D9A20A300883A78 /* AdCollectionViewCell.swift in Sources */ = {isa = PBXBuildFile; fileRef = 0D2EB9292D9A20A300883A78 /* AdCollectionViewCell.swift */; };
		0D2EB95D2D9A20A300883A78 /* ShowAdViewController.swift in Sources */ = {isa = PBXBuildFile; fileRef = 0D2EB92B2D9A20A300883A78 /* ShowAdViewController.swift */; };
		0D2EB95E2D9A20A300883A78 /* AdCategoryTableViewCellViewModel.swift in Sources */ = {isa = PBXBuildFile; fileRef = 0D2EB92D2D9A20A300883A78 /* AdCategoryTableViewCellViewModel.swift */; };
		0D2EB95F2D9A20A300883A78 /* AdCollectionViewCellViewModel.swift in Sources */ = {isa = PBXBuildFile; fileRef = 0D2EB92E2D9A20A300883A78 /* AdCollectionViewCellViewModel.swift */; };
		0D2EB9602D9A20A300883A78 /* ShowAdViewModel.swift in Sources */ = {isa = PBXBuildFile; fileRef = 0D2EB92F2D9A20A300883A78 /* ShowAdViewModel.swift */; };
		0D2EB9612D9A20A300883A78 /* AppDelegate.swift in Sources */ = {isa = PBXBuildFile; fileRef = 0D2EB9322D9A20A300883A78 /* AppDelegate.swift */; };
		0D2EB9622D9A20A300883A78 /* SceneDelegate.swift in Sources */ = {isa = PBXBuildFile; fileRef = 0D2EB9392D9A20A300883A78 /* SceneDelegate.swift */; };
		0D2EB9632D9A20A300883A78 /* Utils.swift in Sources */ = {isa = PBXBuildFile; fileRef = 0D2EB93A2D9A20A300883A78 /* Utils.swift */; };
		0D2EB9732D9A270200883A78 /* HotelList.json in Resources */ = {isa = PBXBuildFile; fileRef = 0D2EB96F2D9A270200883A78 /* HotelList.json */; };
		0D2EB9742D9A270200883A78 /* HotelsData.swift in Sources */ = {isa = PBXBuildFile; fileRef = 0D2EB9702D9A270200883A78 /* HotelsData.swift */; };
		0D2EB9752D9A270200883A78 /* SearchHotelViewController.swift in Sources */ = {isa = PBXBuildFile; fileRef = 0D2EB9712D9A270200883A78 /* SearchHotelViewController.swift */; };
		0D2EB9782D9A4B5800883A78 /* ShowHotelTableViewCell.xib in Resources */ = {isa = PBXBuildFile; fileRef = 0D2EB9772D9A4B5800883A78 /* ShowHotelTableViewCell.xib */; };
		0D2EB9792D9A4B5800883A78 /* ShowHotelTableViewCell.swift in Sources */ = {isa = PBXBuildFile; fileRef = 0D2EB9762D9A4B5800883A78 /* ShowHotelTableViewCell.swift */; };
		0D35AF552D9BC4450052AD19 /* FiltersBottomSheetViewController.swift in Sources */ = {isa = PBXBuildFile; fileRef = 0D35AF542D9BC4450052AD19 /* FiltersBottomSheetViewController.swift */; };
		0DCF7D422DA35DF800E5ECBB /* SearchHotelViewModel.swift in Sources */ = {isa = PBXBuildFile; fileRef = 0DCF7D412DA35DF800E5ECBB /* SearchHotelViewModel.swift */; };
		0DCF7D442DA35EF100E5ECBB /* ShowHotelTableViewCellViewModel.swift in Sources */ = {isa = PBXBuildFile; fileRef = 0DCF7D432DA35EF100E5ECBB /* ShowHotelTableViewCellViewModel.swift */; };
		0DCF7D462DA3610300E5ECBB /* FiltersBottomSheetViewModel.swift in Sources */ = {isa = PBXBuildFile; fileRef = 0DCF7D452DA3610300E5ECBB /* FiltersBottomSheetViewModel.swift */; };
/* End PBXBuildFile section */

/* Begin PBXFileReference section */
		0D2EB8FE2D9A20A300883A78 /* Message.swift */ = {isa = PBXFileReference; lastKnownFileType = sourcecode.swift; path = Message.swift; sourceTree = "<group>"; };
		0D2EB9002D9A20A300883A78 /* ChatRoomViewController.swift */ = {isa = PBXFileReference; lastKnownFileType = sourcecode.swift; path = ChatRoomViewController.swift; sourceTree = "<group>"; };
		0D2EB9012D9A20A300883A78 /* ReceivedMessageTableViewCell.swift */ = {isa = PBXFileReference; lastKnownFileType = sourcecode.swift; path = ReceivedMessageTableViewCell.swift; sourceTree = "<group>"; };
		0D2EB9022D9A20A300883A78 /* ReceivedStickerTableViewCell.swift */ = {isa = PBXFileReference; lastKnownFileType = sourcecode.swift; path = ReceivedStickerTableViewCell.swift; sourceTree = "<group>"; };
		0D2EB9032D9A20A300883A78 /* SentMessageTableViewCell.swift */ = {isa = PBXFileReference; lastKnownFileType = sourcecode.swift; path = SentMessageTableViewCell.swift; sourceTree = "<group>"; };
		0D2EB9042D9A20A300883A78 /* SentStickerTableViewCell.swift */ = {isa = PBXFileReference; lastKnownFileType = sourcecode.swift; path = SentStickerTableViewCell.swift; sourceTree = "<group>"; };
		0D2EB9052D9A20A300883A78 /* StickerCollectionViewCell.swift */ = {isa = PBXFileReference; lastKnownFileType = sourcecode.swift; path = StickerCollectionViewCell.swift; sourceTree = "<group>"; };
		0D2EB9072D9A20A300883A78 /* ChatRoomViewModel.swift */ = {isa = PBXFileReference; lastKnownFileType = sourcecode.swift; path = ChatRoomViewModel.swift; sourceTree = "<group>"; };
		0D2EB90A2D9A20A300883A78 /* User.swift */ = {isa = PBXFileReference; lastKnownFileType = sourcecode.swift; path = User.swift; sourceTree = "<group>"; };
		0D2EB90C2D9A20A300883A78 /* LoginViewController.swift */ = {isa = PBXFileReference; lastKnownFileType = sourcecode.swift; path = LoginViewController.swift; sourceTree = "<group>"; };
		0D2EB90E2D9A20A300883A78 /* LoginViewModel.swift */ = {isa = PBXFileReference; lastKnownFileType = sourcecode.swift; path = LoginViewModel.swift; sourceTree = "<group>"; };
		0D2EB9112D9A20A300883A78 /* TravelersInfo.swift */ = {isa = PBXFileReference; lastKnownFileType = sourcecode.swift; path = TravelersInfo.swift; sourceTree = "<group>"; };
		0D2EB9132D9A20A300883A78 /* ProductBottomSheetViewController.swift */ = {isa = PBXFileReference; lastKnownFileType = sourcecode.swift; path = ProductBottomSheetViewController.swift; sourceTree = "<group>"; };
		0D2EB9142D9A20A300883A78 /* ProductViewController.swift */ = {isa = PBXFileReference; lastKnownFileType = sourcecode.swift; path = ProductViewController.swift; sourceTree = "<group>"; };
		0D2EB9152D9A20A300883A78 /* selectionTableViewCell.swift */ = {isa = PBXFileReference; lastKnownFileType = sourcecode.swift; path = selectionTableViewCell.swift; sourceTree = "<group>"; };
		0D2EB9172D9A20A300883A78 /* ProductBottomSheetViewModel.swift */ = {isa = PBXFileReference; lastKnownFileType = sourcecode.swift; path = ProductBottomSheetViewModel.swift; sourceTree = "<group>"; };
		0D2EB9182D9A20A300883A78 /* ProductViewModel.swift */ = {isa = PBXFileReference; lastKnownFileType = sourcecode.swift; path = ProductViewModel.swift; sourceTree = "<group>"; };
		0D2EB9192D9A20A300883A78 /* SelectionTableViewCellViewModel.swift */ = {isa = PBXFileReference; lastKnownFileType = sourcecode.swift; path = SelectionTableViewCellViewModel.swift; sourceTree = "<group>"; };
		0D2EB91C2D9A20A300883A78 /* BottomSheetTableViewCell.swift */ = {isa = PBXFileReference; lastKnownFileType = sourcecode.swift; path = BottomSheetTableViewCell.swift; sourceTree = "<group>"; };
		0D2EB91D2D9A20A300883A78 /* BottomSheetViewController.swift */ = {isa = PBXFileReference; lastKnownFileType = sourcecode.swift; path = BottomSheetViewController.swift; sourceTree = "<group>"; };
		0D2EB91E2D9A20A300883A78 /* RegisterViewController.swift */ = {isa = PBXFileReference; lastKnownFileType = sourcecode.swift; path = RegisterViewController.swift; sourceTree = "<group>"; };
		0D2EB9202D9A20A300883A78 /* BottomSheetViewModel.swift */ = {isa = PBXFileReference; lastKnownFileType = sourcecode.swift; path = BottomSheetViewModel.swift; sourceTree = "<group>"; };
		0D2EB9212D9A20A300883A78 /* RegisterViewModel.swift */ = {isa = PBXFileReference; lastKnownFileType = sourcecode.swift; path = RegisterViewModel.swift; sourceTree = "<group>"; };
		0D2EB9242D9A20A300883A78 /* AdData.swift */ = {isa = PBXFileReference; lastKnownFileType = sourcecode.swift; path = AdData.swift; sourceTree = "<group>"; };
		0D2EB9252D9A20A300883A78 /* ADTrain1.json */ = {isa = PBXFileReference; lastKnownFileType = text.json; path = ADTrain1.json; sourceTree = "<group>"; };
		0D2EB9272D9A20A300883A78 /* AdCategoryTableViewCell.swift */ = {isa = PBXFileReference; lastKnownFileType = sourcecode.swift; path = AdCategoryTableViewCell.swift; sourceTree = "<group>"; };
		0D2EB9282D9A20A300883A78 /* AdCategoryTableViewCell.xib */ = {isa = PBXFileReference; lastKnownFileType = file.xib; path = AdCategoryTableViewCell.xib; sourceTree = "<group>"; };
		0D2EB9292D9A20A300883A78 /* AdCollectionViewCell.swift */ = {isa = PBXFileReference; lastKnownFileType = sourcecode.swift; path = AdCollectionViewCell.swift; sourceTree = "<group>"; };
		0D2EB92A2D9A20A300883A78 /* AdCollectionViewCell.xib */ = {isa = PBXFileReference; lastKnownFileType = file.xib; path = AdCollectionViewCell.xib; sourceTree = "<group>"; };
		0D2EB92B2D9A20A300883A78 /* ShowAdViewController.swift */ = {isa = PBXFileReference; lastKnownFileType = sourcecode.swift; path = ShowAdViewController.swift; sourceTree = "<group>"; };
		0D2EB92D2D9A20A300883A78 /* AdCategoryTableViewCellViewModel.swift */ = {isa = PBXFileReference; lastKnownFileType = sourcecode.swift; path = AdCategoryTableViewCellViewModel.swift; sourceTree = "<group>"; };
		0D2EB92E2D9A20A300883A78 /* AdCollectionViewCellViewModel.swift */ = {isa = PBXFileReference; lastKnownFileType = sourcecode.swift; path = AdCollectionViewCellViewModel.swift; sourceTree = "<group>"; };
		0D2EB92F2D9A20A300883A78 /* ShowAdViewModel.swift */ = {isa = PBXFileReference; lastKnownFileType = sourcecode.swift; path = ShowAdViewModel.swift; sourceTree = "<group>"; };
		0D2EB9322D9A20A300883A78 /* AppDelegate.swift */ = {isa = PBXFileReference; lastKnownFileType = sourcecode.swift; path = AppDelegate.swift; sourceTree = "<group>"; };
		0D2EB9332D9A20A300883A78 /* Assets.xcassets */ = {isa = PBXFileReference; lastKnownFileType = folder.assetcatalog; path = Assets.xcassets; sourceTree = "<group>"; };
		0D2EB9342D9A20A300883A78 /* Info.plist */ = {isa = PBXFileReference; lastKnownFileType = text.plist.xml; path = Info.plist; sourceTree = "<group>"; };
		0D2EB9352D9A20A300883A78 /* Base */ = {isa = PBXFileReference; lastKnownFileType = file.storyboard; name = Base; path = Base.lproj/LaunchScreen.storyboard; sourceTree = "<group>"; };
		0D2EB9372D9A20A300883A78 /* Base */ = {isa = PBXFileReference; lastKnownFileType = file.storyboard; name = Base; path = Base.lproj/Main.storyboard; sourceTree = "<group>"; };
		0D2EB9392D9A20A300883A78 /* SceneDelegate.swift */ = {isa = PBXFileReference; lastKnownFileType = sourcecode.swift; path = SceneDelegate.swift; sourceTree = "<group>"; };
		0D2EB93A2D9A20A300883A78 /* Utils.swift */ = {isa = PBXFileReference; lastKnownFileType = sourcecode.swift; path = Utils.swift; sourceTree = "<group>"; };
		0D2EB96F2D9A270200883A78 /* HotelList.json */ = {isa = PBXFileReference; lastKnownFileType = text.json; path = HotelList.json; sourceTree = "<group>"; };
		0D2EB9702D9A270200883A78 /* HotelsData.swift */ = {isa = PBXFileReference; lastKnownFileType = sourcecode.swift; path = HotelsData.swift; sourceTree = "<group>"; };
		0D2EB9712D9A270200883A78 /* SearchHotelViewController.swift */ = {isa = PBXFileReference; lastKnownFileType = sourcecode.swift; path = SearchHotelViewController.swift; sourceTree = "<group>"; };
		0D2EB9762D9A4B5800883A78 /* ShowHotelTableViewCell.swift */ = {isa = PBXFileReference; lastKnownFileType = sourcecode.swift; path = ShowHotelTableViewCell.swift; sourceTree = "<group>"; };
		0D2EB9772D9A4B5800883A78 /* ShowHotelTableViewCell.xib */ = {isa = PBXFileReference; lastKnownFileType = file.xib; path = ShowHotelTableViewCell.xib; sourceTree = "<group>"; };
		0D35AF542D9BC4450052AD19 /* FiltersBottomSheetViewController.swift */ = {isa = PBXFileReference; lastKnownFileType = sourcecode.swift; path = FiltersBottomSheetViewController.swift; sourceTree = "<group>"; };
		0D7CA5E12D77DDCD000B7AB7 /* WorkTraining8501.app */ = {isa = PBXFileReference; explicitFileType = wrapper.application; includeInIndex = 0; path = WorkTraining8501.app; sourceTree = BUILT_PRODUCTS_DIR; };
		0DCF7D412DA35DF800E5ECBB /* SearchHotelViewModel.swift */ = {isa = PBXFileReference; lastKnownFileType = sourcecode.swift; path = SearchHotelViewModel.swift; sourceTree = "<group>"; };
		0DCF7D432DA35EF100E5ECBB /* ShowHotelTableViewCellViewModel.swift */ = {isa = PBXFileReference; lastKnownFileType = sourcecode.swift; path = ShowHotelTableViewCellViewModel.swift; sourceTree = "<group>"; };
		0DCF7D452DA3610300E5ECBB /* FiltersBottomSheetViewModel.swift */ = {isa = PBXFileReference; lastKnownFileType = sourcecode.swift; path = FiltersBottomSheetViewModel.swift; sourceTree = "<group>"; };
/* End PBXFileReference section */

/* Begin PBXFrameworksBuildPhase section */
		0D7CA5DE2D77DDCD000B7AB7 /* Frameworks */ = {
			isa = PBXFrameworksBuildPhase;
			buildActionMask = 2147483647;
			files = (
			);
			runOnlyForDeploymentPostprocessing = 0;
		};
/* End PBXFrameworksBuildPhase section */

/* Begin PBXGroup section */
		0D2EB8FF2D9A20A300883A78 /* Model */ = {
			isa = PBXGroup;
			children = (
				0D2EB8FE2D9A20A300883A78 /* Message.swift */,
			);
			path = Model;
			sourceTree = "<group>";
		};
		0D2EB9062D9A20A300883A78 /* View */ = {
			isa = PBXGroup;
			children = (
				0D2EB9002D9A20A300883A78 /* ChatRoomViewController.swift */,
				0D2EB9012D9A20A300883A78 /* ReceivedMessageTableViewCell.swift */,
				0D2EB9022D9A20A300883A78 /* ReceivedStickerTableViewCell.swift */,
				0D2EB9032D9A20A300883A78 /* SentMessageTableViewCell.swift */,
				0D2EB9042D9A20A300883A78 /* SentStickerTableViewCell.swift */,
				0D2EB9052D9A20A300883A78 /* StickerCollectionViewCell.swift */,
			);
			path = View;
			sourceTree = "<group>";
		};
		0D2EB9082D9A20A300883A78 /* ViewModel */ = {
			isa = PBXGroup;
			children = (
				0D2EB9072D9A20A300883A78 /* ChatRoomViewModel.swift */,
			);
			path = ViewModel;
			sourceTree = "<group>";
		};
		0D2EB9092D9A20A300883A78 /* Chat */ = {
			isa = PBXGroup;
			children = (
				0D2EB8FF2D9A20A300883A78 /* Model */,
				0D2EB9062D9A20A300883A78 /* View */,
				0D2EB9082D9A20A300883A78 /* ViewModel */,
			);
			path = Chat;
			sourceTree = "<group>";
		};
		0D2EB90B2D9A20A300883A78 /* Model */ = {
			isa = PBXGroup;
			children = (
				0D2EB90A2D9A20A300883A78 /* User.swift */,
			);
			path = Model;
			sourceTree = "<group>";
		};
		0D2EB90D2D9A20A300883A78 /* View */ = {
			isa = PBXGroup;
			children = (
				0D2EB90C2D9A20A300883A78 /* LoginViewController.swift */,
			);
			path = View;
			sourceTree = "<group>";
		};
		0D2EB90F2D9A20A300883A78 /* ViewModel */ = {
			isa = PBXGroup;
			children = (
				0D2EB90E2D9A20A300883A78 /* LoginViewModel.swift */,
			);
			path = ViewModel;
			sourceTree = "<group>";
		};
		0D2EB9102D9A20A300883A78 /* Login */ = {
			isa = PBXGroup;
			children = (
				0D2EB90B2D9A20A300883A78 /* Model */,
				0D2EB90D2D9A20A300883A78 /* View */,
				0D2EB90F2D9A20A300883A78 /* ViewModel */,
			);
			path = Login;
			sourceTree = "<group>";
		};
		0D2EB9122D9A20A300883A78 /* Model */ = {
			isa = PBXGroup;
			children = (
				0D2EB9112D9A20A300883A78 /* TravelersInfo.swift */,
			);
			path = Model;
			sourceTree = "<group>";
		};
		0D2EB9162D9A20A300883A78 /* View */ = {
			isa = PBXGroup;
			children = (
				0D2EB9132D9A20A300883A78 /* ProductBottomSheetViewController.swift */,
				0D2EB9142D9A20A300883A78 /* ProductViewController.swift */,
				0D2EB9152D9A20A300883A78 /* selectionTableViewCell.swift */,
			);
			path = View;
			sourceTree = "<group>";
		};
		0D2EB91A2D9A20A300883A78 /* ViewModel */ = {
			isa = PBXGroup;
			children = (
				0D2EB9172D9A20A300883A78 /* ProductBottomSheetViewModel.swift */,
				0D2EB9182D9A20A300883A78 /* ProductViewModel.swift */,
				0D2EB9192D9A20A300883A78 /* SelectionTableViewCellViewModel.swift */,
			);
			path = ViewModel;
			sourceTree = "<group>";
		};
		0D2EB91B2D9A20A300883A78 /* ProductSelect */ = {
			isa = PBXGroup;
			children = (
				0D2EB9122D9A20A300883A78 /* Model */,
				0D2EB9162D9A20A300883A78 /* View */,
				0D2EB91A2D9A20A300883A78 /* ViewModel */,
			);
			path = ProductSelect;
			sourceTree = "<group>";
		};
		0D2EB91F2D9A20A300883A78 /* View */ = {
			isa = PBXGroup;
			children = (
				0D2EB91C2D9A20A300883A78 /* BottomSheetTableViewCell.swift */,
				0D2EB91D2D9A20A300883A78 /* BottomSheetViewController.swift */,
				0D2EB91E2D9A20A300883A78 /* RegisterViewController.swift */,
			);
			path = View;
			sourceTree = "<group>";
		};
		0D2EB9222D9A20A300883A78 /* ViewModel */ = {
			isa = PBXGroup;
			children = (
				0D2EB9202D9A20A300883A78 /* BottomSheetViewModel.swift */,
				0D2EB9212D9A20A300883A78 /* RegisterViewModel.swift */,
			);
			path = ViewModel;
			sourceTree = "<group>";
		};
		0D2EB9232D9A20A300883A78 /* Register */ = {
			isa = PBXGroup;
			children = (
				0D2EB91F2D9A20A300883A78 /* View */,
				0D2EB9222D9A20A300883A78 /* ViewModel */,
			);
			path = Register;
			sourceTree = "<group>";
		};
		0D2EB9262D9A20A300883A78 /* Model */ = {
			isa = PBXGroup;
			children = (
				0D2EB9242D9A20A300883A78 /* AdData.swift */,
				0D2EB9252D9A20A300883A78 /* ADTrain1.json */,
			);
			path = Model;
			sourceTree = "<group>";
		};
		0D2EB92C2D9A20A300883A78 /* View */ = {
			isa = PBXGroup;
			children = (
				0D2EB92B2D9A20A300883A78 /* ShowAdViewController.swift */,
				0D2EB9272D9A20A300883A78 /* AdCategoryTableViewCell.swift */,
				0D2EB9282D9A20A300883A78 /* AdCategoryTableViewCell.xib */,
				0D2EB9292D9A20A300883A78 /* AdCollectionViewCell.swift */,
				0D2EB92A2D9A20A300883A78 /* AdCollectionViewCell.xib */,
			);
			path = View;
			sourceTree = "<group>";
		};
		0D2EB9302D9A20A300883A78 /* ViewModel */ = {
			isa = PBXGroup;
			children = (
				0D2EB92D2D9A20A300883A78 /* AdCategoryTableViewCellViewModel.swift */,
				0D2EB92E2D9A20A300883A78 /* AdCollectionViewCellViewModel.swift */,
				0D2EB92F2D9A20A300883A78 /* ShowAdViewModel.swift */,
			);
			path = ViewModel;
			sourceTree = "<group>";
		};
		0D2EB9312D9A20A300883A78 /* ShowAD */ = {
			isa = PBXGroup;
			children = (
				0D2EB9262D9A20A300883A78 /* Model */,
				0D2EB92C2D9A20A300883A78 /* View */,
				0D2EB9302D9A20A300883A78 /* ViewModel */,
			);
			path = ShowAD;
			sourceTree = "<group>";
		};
		0D2EB93B2D9A20A300883A78 /* WorkTraining8501 */ = {
			isa = PBXGroup;
			children = (
				0D2EB9102D9A20A300883A78 /* Login */,
				0D2EB9232D9A20A300883A78 /* Register */,
				0D2EB91B2D9A20A300883A78 /* ProductSelect */,
				0D2EB9092D9A20A300883A78 /* Chat */,
				0D2EB9312D9A20A300883A78 /* ShowAD */,
				0D2EB9722D9A270200883A78 /* searchHotel */,
				0D2EB9332D9A20A300883A78 /* Assets.xcassets */,
				0D2EB9342D9A20A300883A78 /* Info.plist */,
				0D2EB9362D9A20A300883A78 /* LaunchScreen.storyboard */,
				0D2EB9382D9A20A300883A78 /* Main.storyboard */,
				0D2EB9322D9A20A300883A78 /* AppDelegate.swift */,
				0D2EB9392D9A20A300883A78 /* SceneDelegate.swift */,
				0D2EB93A2D9A20A300883A78 /* Utils.swift */,
			);
			path = WorkTraining8501;
			sourceTree = "<group>";
		};
		0D2EB9722D9A270200883A78 /* searchHotel */ = {
			isa = PBXGroup;
			children = (
				0DCF7D492DA367F500E5ECBB /* Model */,
				0DCF7D482DA367ED00E5ECBB /* ViewModel */,
				0DCF7D472DA367E000E5ECBB /* View */,
			);
			path = searchHotel;
			sourceTree = "<group>";
		};
		0D7CA5D82D77DDCD000B7AB7 = {
			isa = PBXGroup;
			children = (
				0D2EB93B2D9A20A300883A78 /* WorkTraining8501 */,
				0D7CA5E22D77DDCD000B7AB7 /* Products */,
			);
			sourceTree = "<group>";
		};
		0D7CA5E22D77DDCD000B7AB7 /* Products */ = {
			isa = PBXGroup;
			children = (
				0D7CA5E12D77DDCD000B7AB7 /* WorkTraining8501.app */,
			);
			name = Products;
			sourceTree = "<group>";
		};
		0DCF7D472DA367E000E5ECBB /* View */ = {
			isa = PBXGroup;
			children = (
				0D2EB9712D9A270200883A78 /* SearchHotelViewController.swift */,
				0D2EB9762D9A4B5800883A78 /* ShowHotelTableViewCell.swift */,
				0D2EB9772D9A4B5800883A78 /* ShowHotelTableViewCell.xib */,
				0D35AF542D9BC4450052AD19 /* FiltersBottomSheetViewController.swift */,
			);
			path = View;
			sourceTree = "<group>";
		};
		0DCF7D482DA367ED00E5ECBB /* ViewModel */ = {
			isa = PBXGroup;
			children = (
				0DCF7D412DA35DF800E5ECBB /* SearchHotelViewModel.swift */,
				0DCF7D432DA35EF100E5ECBB /* ShowHotelTableViewCellViewModel.swift */,
				0DCF7D452DA3610300E5ECBB /* FiltersBottomSheetViewModel.swift */,
			);
			path = ViewModel;
			sourceTree = "<group>";
		};
		0DCF7D492DA367F500E5ECBB /* Model */ = {
			isa = PBXGroup;
			children = (
				0D2EB96F2D9A270200883A78 /* HotelList.json */,
				0D2EB9702D9A270200883A78 /* HotelsData.swift */,
			);
			path = Model;
			sourceTree = "<group>";
		};
/* End PBXGroup section */

/* Begin PBXNativeTarget section */
		0D7CA5E02D77DDCD000B7AB7 /* WorkTraining8501 */ = {
			isa = PBXNativeTarget;
			buildConfigurationList = 0D7CA5F42D77DDCE000B7AB7 /* Build configuration list for PBXNativeTarget "WorkTraining8501" */;
			buildPhases = (
				0D7CA5DD2D77DDCD000B7AB7 /* Sources */,
				0D7CA5DE2D77DDCD000B7AB7 /* Frameworks */,
				0D7CA5DF2D77DDCD000B7AB7 /* Resources */,
			);
			buildRules = (
			);
			dependencies = (
			);
			name = WorkTraining8501;
			packageProductDependencies = (
			);
			productName = Colatour;
			productReference = 0D7CA5E12D77DDCD000B7AB7 /* WorkTraining8501.app */;
			productType = "com.apple.product-type.application";
		};
/* End PBXNativeTarget section */

/* Begin PBXProject section */
		0D7CA5D92D77DDCD000B7AB7 /* Project object */ = {
			isa = PBXProject;
			attributes = {
				BuildIndependentTargetsInParallel = 1;
				LastSwiftUpdateCheck = 1620;
				LastUpgradeCheck = 1620;
				TargetAttributes = {
					0D7CA5E02D77DDCD000B7AB7 = {
						CreatedOnToolsVersion = 16.2;
					};
				};
			};
			buildConfigurationList = 0D7CA5DC2D77DDCD000B7AB7 /* Build configuration list for PBXProject "WorkTraining8501" */;
			developmentRegion = en;
			hasScannedForEncodings = 0;
			knownRegions = (
				en,
				Base,
			);
			mainGroup = 0D7CA5D82D77DDCD000B7AB7;
			minimizedProjectReferenceProxies = 1;
			preferredProjectObjectVersion = 77;
			productRefGroup = 0D7CA5E22D77DDCD000B7AB7 /* Products */;
			projectDirPath = "";
			projectRoot = "";
			targets = (
				0D7CA5E02D77DDCD000B7AB7 /* WorkTraining8501 */,
			);
		};
/* End PBXProject section */

/* Begin PBXResourcesBuildPhase section */
		0D7CA5DF2D77DDCD000B7AB7 /* Resources */ = {
			isa = PBXResourcesBuildPhase;
			buildActionMask = 2147483647;
			files = (
				0D2EB93C2D9A20A300883A78 /* ADTrain1.json in Resources */,
				0D2EB93D2D9A20A300883A78 /* AdCategoryTableViewCell.xib in Resources */,
				0D2EB93E2D9A20A300883A78 /* AdCollectionViewCell.xib in Resources */,
				0D2EB9782D9A4B5800883A78 /* ShowHotelTableViewCell.xib in Resources */,
				0D2EB93F2D9A20A300883A78 /* Assets.xcassets in Resources */,
				0D2EB9412D9A20A300883A78 /* LaunchScreen.storyboard in Resources */,
				0D2EB9732D9A270200883A78 /* HotelList.json in Resources */,
				0D2EB9422D9A20A300883A78 /* Main.storyboard in Resources */,
			);
			runOnlyForDeploymentPostprocessing = 0;
		};
/* End PBXResourcesBuildPhase section */

/* Begin PBXSourcesBuildPhase section */
		0D7CA5DD2D77DDCD000B7AB7 /* Sources */ = {
			isa = PBXSourcesBuildPhase;
			buildActionMask = 2147483647;
			files = (
				0DCF7D442DA35EF100E5ECBB /* ShowHotelTableViewCellViewModel.swift in Sources */,
				0D2EB9432D9A20A300883A78 /* Message.swift in Sources */,
				0D2EB9442D9A20A300883A78 /* ChatRoomViewController.swift in Sources */,
				0D2EB9452D9A20A300883A78 /* ReceivedMessageTableViewCell.swift in Sources */,
				0D2EB9462D9A20A300883A78 /* ReceivedStickerTableViewCell.swift in Sources */,
				0D2EB9472D9A20A300883A78 /* SentMessageTableViewCell.swift in Sources */,
				0D2EB9482D9A20A300883A78 /* SentStickerTableViewCell.swift in Sources */,
				0D2EB9492D9A20A300883A78 /* StickerCollectionViewCell.swift in Sources */,
				0D2EB9792D9A4B5800883A78 /* ShowHotelTableViewCell.swift in Sources */,
				0D2EB94A2D9A20A300883A78 /* ChatRoomViewModel.swift in Sources */,
				0D2EB94B2D9A20A300883A78 /* User.swift in Sources */,
				0D2EB94C2D9A20A300883A78 /* LoginViewController.swift in Sources */,
				0D2EB94D2D9A20A300883A78 /* LoginViewModel.swift in Sources */,
				0DCF7D462DA3610300E5ECBB /* FiltersBottomSheetViewModel.swift in Sources */,
				0D35AF552D9BC4450052AD19 /* FiltersBottomSheetViewController.swift in Sources */,
				0D2EB94E2D9A20A300883A78 /* TravelersInfo.swift in Sources */,
				0D2EB94F2D9A20A300883A78 /* ProductBottomSheetViewController.swift in Sources */,
				0D2EB9502D9A20A300883A78 /* ProductViewController.swift in Sources */,
				0D2EB9512D9A20A300883A78 /* selectionTableViewCell.swift in Sources */,
				0D2EB9522D9A20A300883A78 /* ProductBottomSheetViewModel.swift in Sources */,
				0D2EB9532D9A20A300883A78 /* ProductViewModel.swift in Sources */,
				0D2EB9542D9A20A300883A78 /* SelectionTableViewCellViewModel.swift in Sources */,
				0D2EB9552D9A20A300883A78 /* BottomSheetTableViewCell.swift in Sources */,
				0D2EB9742D9A270200883A78 /* HotelsData.swift in Sources */,
				0D2EB9752D9A270200883A78 /* SearchHotelViewController.swift in Sources */,
				0D2EB9562D9A20A300883A78 /* BottomSheetViewController.swift in Sources */,
				0D2EB9572D9A20A300883A78 /* RegisterViewController.swift in Sources */,
				0DCF7D422DA35DF800E5ECBB /* SearchHotelViewModel.swift in Sources */,
				0D2EB9582D9A20A300883A78 /* BottomSheetViewModel.swift in Sources */,
				0D2EB9592D9A20A300883A78 /* RegisterViewModel.swift in Sources */,
				0D2EB95A2D9A20A300883A78 /* AdData.swift in Sources */,
				0D2EB95B2D9A20A300883A78 /* AdCategoryTableViewCell.swift in Sources */,
				0D2EB95C2D9A20A300883A78 /* AdCollectionViewCell.swift in Sources */,
				0D2EB95D2D9A20A300883A78 /* ShowAdViewController.swift in Sources */,
				0D2EB95E2D9A20A300883A78 /* AdCategoryTableViewCellViewModel.swift in Sources */,
				0D2EB95F2D9A20A300883A78 /* AdCollectionViewCellViewModel.swift in Sources */,
				0D2EB9602D9A20A300883A78 /* ShowAdViewModel.swift in Sources */,
				0D2EB9612D9A20A300883A78 /* AppDelegate.swift in Sources */,
				0D2EB9622D9A20A300883A78 /* SceneDelegate.swift in Sources */,
				0D2EB9632D9A20A300883A78 /* Utils.swift in Sources */,
			);
			runOnlyForDeploymentPostprocessing = 0;
		};
/* End PBXSourcesBuildPhase section */

/* Begin PBXVariantGroup section */
		0D2EB9362D9A20A300883A78 /* LaunchScreen.storyboard */ = {
			isa = PBXVariantGroup;
			children = (
				0D2EB9352D9A20A300883A78 /* Base */,
			);
			name = LaunchScreen.storyboard;
			sourceTree = "<group>";
		};
		0D2EB9382D9A20A300883A78 /* Main.storyboard */ = {
			isa = PBXVariantGroup;
			children = (
				0D2EB9372D9A20A300883A78 /* Base */,
			);
			name = Main.storyboard;
			sourceTree = "<group>";
		};
/* End PBXVariantGroup section */

/* Begin XCBuildConfiguration section */
		0D7CA5F52D77DDCE000B7AB7 /* Debug */ = {
			isa = XCBuildConfiguration;
			buildSettings = {
				ASSETCATALOG_COMPILER_APPICON_NAME = AppIcon;
				ASSETCATALOG_COMPILER_GLOBAL_ACCENT_COLOR_NAME = AccentColor;
				CODE_SIGN_STYLE = Automatic;
				CURRENT_PROJECT_VERSION = 1;
				GENERATE_INFOPLIST_FILE = YES;
				INFOPLIST_FILE = WorkTraining8501/Info.plist;
				INFOPLIST_KEY_UIApplicationSupportsIndirectInputEvents = YES;
				INFOPLIST_KEY_UILaunchStoryboardName = LaunchScreen;
				INFOPLIST_KEY_UIMainStoryboardFile = Main;
				INFOPLIST_KEY_UISupportedInterfaceOrientations_iPad = "UIInterfaceOrientationPortrait UIInterfaceOrientationPortraitUpsideDown UIInterfaceOrientationLandscapeLeft UIInterfaceOrientationLandscapeRight";
				INFOPLIST_KEY_UISupportedInterfaceOrientations_iPhone = "UIInterfaceOrientationPortrait UIInterfaceOrientationLandscapeLeft UIInterfaceOrientationLandscapeRight";
				IPHONEOS_DEPLOYMENT_TARGET = 18.0;
				LD_RUNPATH_SEARCH_PATHS = (
					"$(inherited)",
					"@executable_path/Frameworks",
				);
				MARKETING_VERSION = 1.0;
				PRODUCT_BUNDLE_IDENTIFIER = com.ruby.WorkTraining8501;
				PRODUCT_NAME = WorkTraining8501;
				SWIFT_EMIT_LOC_STRINGS = YES;
				SWIFT_VERSION = 5.0;
				TARGETED_DEVICE_FAMILY = "1,2";
			};
			name = Debug;
		};
		0D7CA5F62D77DDCE000B7AB7 /* Release */ = {
			isa = XCBuildConfiguration;
			buildSettings = {
				ASSETCATALOG_COMPILER_APPICON_NAME = AppIcon;
				ASSETCATALOG_COMPILER_GLOBAL_ACCENT_COLOR_NAME = AccentColor;
				CODE_SIGN_STYLE = Automatic;
				CURRENT_PROJECT_VERSION = 1;
				GENERATE_INFOPLIST_FILE = YES;
				INFOPLIST_FILE = WorkTraining8501/Info.plist;
				INFOPLIST_KEY_UIApplicationSupportsIndirectInputEvents = YES;
				INFOPLIST_KEY_UILaunchStoryboardName = LaunchScreen;
				INFOPLIST_KEY_UIMainStoryboardFile = Main;
				INFOPLIST_KEY_UISupportedInterfaceOrientations_iPad = "UIInterfaceOrientationPortrait UIInterfaceOrientationPortraitUpsideDown UIInterfaceOrientationLandscapeLeft UIInterfaceOrientationLandscapeRight";
				INFOPLIST_KEY_UISupportedInterfaceOrientations_iPhone = "UIInterfaceOrientationPortrait UIInterfaceOrientationLandscapeLeft UIInterfaceOrientationLandscapeRight";
				IPHONEOS_DEPLOYMENT_TARGET = 18.0;
				LD_RUNPATH_SEARCH_PATHS = (
					"$(inherited)",
					"@executable_path/Frameworks",
				);
				MARKETING_VERSION = 1.0;
				PRODUCT_BUNDLE_IDENTIFIER = com.ruby.WorkTraining8501;
				PRODUCT_NAME = WorkTraining8501;
				SWIFT_EMIT_LOC_STRINGS = YES;
				SWIFT_VERSION = 5.0;
				TARGETED_DEVICE_FAMILY = "1,2";
			};
			name = Release;
		};
		0D7CA5F72D77DDCE000B7AB7 /* Debug */ = {
			isa = XCBuildConfiguration;
			buildSettings = {
				ALWAYS_SEARCH_USER_PATHS = NO;
				ASSETCATALOG_COMPILER_GENERATE_SWIFT_ASSET_SYMBOL_EXTENSIONS = YES;
				CLANG_ANALYZER_NONNULL = YES;
				CLANG_ANALYZER_NUMBER_OBJECT_CONVERSION = YES_AGGRESSIVE;
				CLANG_CXX_LANGUAGE_STANDARD = "gnu++20";
				CLANG_ENABLE_MODULES = YES;
				CLANG_ENABLE_OBJC_ARC = YES;
				CLANG_ENABLE_OBJC_WEAK = YES;
				CLANG_WARN_BLOCK_CAPTURE_AUTORELEASING = YES;
				CLANG_WARN_BOOL_CONVERSION = YES;
				CLANG_WARN_COMMA = YES;
				CLANG_WARN_CONSTANT_CONVERSION = YES;
				CLANG_WARN_DEPRECATED_OBJC_IMPLEMENTATIONS = YES;
				CLANG_WARN_DIRECT_OBJC_ISA_USAGE = YES_ERROR;
				CLANG_WARN_DOCUMENTATION_COMMENTS = YES;
				CLANG_WARN_EMPTY_BODY = YES;
				CLANG_WARN_ENUM_CONVERSION = YES;
				CLANG_WARN_INFINITE_RECURSION = YES;
				CLANG_WARN_INT_CONVERSION = YES;
				CLANG_WARN_NON_LITERAL_NULL_CONVERSION = YES;
				CLANG_WARN_OBJC_IMPLICIT_RETAIN_SELF = YES;
				CLANG_WARN_OBJC_LITERAL_CONVERSION = YES;
				CLANG_WARN_OBJC_ROOT_CLASS = YES_ERROR;
				CLANG_WARN_QUOTED_INCLUDE_IN_FRAMEWORK_HEADER = YES;
				CLANG_WARN_RANGE_LOOP_ANALYSIS = YES;
				CLANG_WARN_STRICT_PROTOTYPES = YES;
				CLANG_WARN_SUSPICIOUS_MOVE = YES;
				CLANG_WARN_UNGUARDED_AVAILABILITY = YES_AGGRESSIVE;
				CLANG_WARN_UNREACHABLE_CODE = YES;
				CLANG_WARN__DUPLICATE_METHOD_MATCH = YES;
				COPY_PHASE_STRIP = NO;
				DEBUG_INFORMATION_FORMAT = dwarf;
				ENABLE_STRICT_OBJC_MSGSEND = YES;
				ENABLE_TESTABILITY = YES;
				ENABLE_USER_SCRIPT_SANDBOXING = YES;
				GCC_C_LANGUAGE_STANDARD = gnu17;
				GCC_DYNAMIC_NO_PIC = NO;
				GCC_NO_COMMON_BLOCKS = YES;
				GCC_OPTIMIZATION_LEVEL = 0;
				GCC_PREPROCESSOR_DEFINITIONS = (
					"DEBUG=1",
					"$(inherited)",
				);
				GCC_WARN_64_TO_32_BIT_CONVERSION = YES;
				GCC_WARN_ABOUT_RETURN_TYPE = YES_ERROR;
				GCC_WARN_UNDECLARED_SELECTOR = YES;
				GCC_WARN_UNINITIALIZED_AUTOS = YES_AGGRESSIVE;
				GCC_WARN_UNUSED_FUNCTION = YES;
				GCC_WARN_UNUSED_VARIABLE = YES;
				IPHONEOS_DEPLOYMENT_TARGET = 18.2;
				LOCALIZATION_PREFERS_STRING_CATALOGS = YES;
				MTL_ENABLE_DEBUG_INFO = INCLUDE_SOURCE;
				MTL_FAST_MATH = YES;
				ONLY_ACTIVE_ARCH = YES;
				SDKROOT = iphoneos;
				SWIFT_ACTIVE_COMPILATION_CONDITIONS = "DEBUG $(inherited)";
				SWIFT_OPTIMIZATION_LEVEL = "-Onone";
			};
			name = Debug;
		};
		0D7CA5F82D77DDCE000B7AB7 /* Release */ = {
			isa = XCBuildConfiguration;
			buildSettings = {
				ALWAYS_SEARCH_USER_PATHS = NO;
				ASSETCATALOG_COMPILER_GENERATE_SWIFT_ASSET_SYMBOL_EXTENSIONS = YES;
				CLANG_ANALYZER_NONNULL = YES;
				CLANG_ANALYZER_NUMBER_OBJECT_CONVERSION = YES_AGGRESSIVE;
				CLANG_CXX_LANGUAGE_STANDARD = "gnu++20";
				CLANG_ENABLE_MODULES = YES;
				CLANG_ENABLE_OBJC_ARC = YES;
				CLANG_ENABLE_OBJC_WEAK = YES;
				CLANG_WARN_BLOCK_CAPTURE_AUTORELEASING = YES;
				CLANG_WARN_BOOL_CONVERSION = YES;
				CLANG_WARN_COMMA = YES;
				CLANG_WARN_CONSTANT_CONVERSION = YES;
				CLANG_WARN_DEPRECATED_OBJC_IMPLEMENTATIONS = YES;
				CLANG_WARN_DIRECT_OBJC_ISA_USAGE = YES_ERROR;
				CLANG_WARN_DOCUMENTATION_COMMENTS = YES;
				CLANG_WARN_EMPTY_BODY = YES;
				CLANG_WARN_ENUM_CONVERSION = YES;
				CLANG_WARN_INFINITE_RECURSION = YES;
				CLANG_WARN_INT_CONVERSION = YES;
				CLANG_WARN_NON_LITERAL_NULL_CONVERSION = YES;
				CLANG_WARN_OBJC_IMPLICIT_RETAIN_SELF = YES;
				CLANG_WARN_OBJC_LITERAL_CONVERSION = YES;
				CLANG_WARN_OBJC_ROOT_CLASS = YES_ERROR;
				CLANG_WARN_QUOTED_INCLUDE_IN_FRAMEWORK_HEADER = YES;
				CLANG_WARN_RANGE_LOOP_ANALYSIS = YES;
				CLANG_WARN_STRICT_PROTOTYPES = YES;
				CLANG_WARN_SUSPICIOUS_MOVE = YES;
				CLANG_WARN_UNGUARDED_AVAILABILITY = YES_AGGRESSIVE;
				CLANG_WARN_UNREACHABLE_CODE = YES;
				CLANG_WARN__DUPLICATE_METHOD_MATCH = YES;
				COPY_PHASE_STRIP = NO;
				DEBUG_INFORMATION_FORMAT = "dwarf-with-dsym";
				ENABLE_NS_ASSERTIONS = NO;
				ENABLE_STRICT_OBJC_MSGSEND = YES;
				ENABLE_USER_SCRIPT_SANDBOXING = YES;
				GCC_C_LANGUAGE_STANDARD = gnu17;
				GCC_NO_COMMON_BLOCKS = YES;
				GCC_WARN_64_TO_32_BIT_CONVERSION = YES;
				GCC_WARN_ABOUT_RETURN_TYPE = YES_ERROR;
				GCC_WARN_UNDECLARED_SELECTOR = YES;
				GCC_WARN_UNINITIALIZED_AUTOS = YES_AGGRESSIVE;
				GCC_WARN_UNUSED_FUNCTION = YES;
				GCC_WARN_UNUSED_VARIABLE = YES;
				IPHONEOS_DEPLOYMENT_TARGET = 18.2;
				LOCALIZATION_PREFERS_STRING_CATALOGS = YES;
				MTL_ENABLE_DEBUG_INFO = NO;
				MTL_FAST_MATH = YES;
				SDKROOT = iphoneos;
				SWIFT_COMPILATION_MODE = wholemodule;
				VALIDATE_PRODUCT = YES;
			};
			name = Release;
		};
/* End XCBuildConfiguration section */

/* Begin XCConfigurationList section */
		0D7CA5DC2D77DDCD000B7AB7 /* Build configuration list for PBXProject "WorkTraining8501" */ = {
			isa = XCConfigurationList;
			buildConfigurations = (
				0D7CA5F72D77DDCE000B7AB7 /* Debug */,
				0D7CA5F82D77DDCE000B7AB7 /* Release */,
			);
			defaultConfigurationIsVisible = 0;
			defaultConfigurationName = Release;
		};
		0D7CA5F42D77DDCE000B7AB7 /* Build configuration list for PBXNativeTarget "WorkTraining8501" */ = {
			isa = XCConfigurationList;
			buildConfigurations = (
				0D7CA5F52D77DDCE000B7AB7 /* Debug */,
				0D7CA5F62D77DDCE000B7AB7 /* Release */,
			);
			defaultConfigurationIsVisible = 0;
			defaultConfigurationName = Release;
		};
/* End XCConfigurationList section */
	};
	rootObject = 0D7CA5D92D77DDCD000B7AB7 /* Project object */;
}
